# This file is automatically @generated by pesde.
# It is not intended for manual editing.
format = 2
name = "lune_utils/roxios"
version = "0.1.0"
target = "lune"

[graph."lune_utils/futures@0.1.0 luau"]
direct = ["futures", { repo = "https://github.com/lune-utils/futures", rev = "6ce822d" }, "standard"]

[graph."lune_utils/futures@0.1.0 luau".pkg_ref]
ref_ty = "git"
repo = "https://github.com/lune-utils/futures"
tree_id = "3ea05bed2e62268168ef7a9d619d96c9add4c866"
new_structure = true
