# This file is automatically @generated by pesde.
# It is not intended for manual editing.
format = 2
name = "lune_utils/roxios"
version = "0.1.0"
target = "lune"

[graph."yetanotherclown/luau_futures@2.0.0-beta.3 luau"]
direct = ["future", { name = "yetanotherclown/luau_futures", version = "^2.0.0-beta.3", index = "default", target = "luau" }, "standard"]

[graph."yetanotherclown/luau_futures@2.0.0-beta.3 luau".pkg_ref]
ref_ty = "pesde"
index_url = "https://github.com/pesde-pkg/index"
